<?xml version="1.0" encoding="UTF-8"?>
<Scheme
   LastUpgradeVersion = "0700"
   version = "1.3">
   <BuildAction
      parallelizeBuildables = "YES"
      buildImplicitDependencies = "YES">
      <BuildActionEntries>
         <BuildActionEntry
            buildForAnalyzing = "YES"
            buildForTesting = "YES"
            buildForRunning = "YES"
            buildForProfiling = "YES"
            buildForArchiving = "YES">
            <BuildableReference
               BuildableIdentifier = 'primary'
               BlueprintIdentifier = '1B499C721FDAA65000FBE8F6'
               BlueprintName = 'playground'
               ReferencedContainer = 'container:playground.xcodeproj'
               BuildableName = 'playground.app'>
            </BuildableReference>
         </BuildActionEntry>
      </BuildActionEntries>
   </BuildAction>
   <TestAction
      selectedDebuggerIdentifier = "Xcode.DebuggerFoundation.Debugger.LLDB"
      selectedLauncherIdentifier = "Xcode.DebuggerFoundation.Launcher.LLDB"
      shouldUseLaunchSchemeArgsEnv = "YES"
      buildConfiguration = "Debug">
      <AdditionalOptions>
      </AdditionalOptions>
      <MacroExpansion>
         <BuildableReference
            BuildableIdentifier = 'primary'
            BlueprintIdentifier = '1B499C721FDAA65000FBE8F6'
            BlueprintName = 'playground'
            ReferencedContainer = 'container:playground.xcodeproj'
            BuildableName = 'playground.app'>
         </BuildableReference>
      </MacroExpansion>
      <Testables>
         <TestableReference
            skipped = "NO">
            <BuildableReference
               BuildableIdentifier = 'primary'
               BlueprintIdentifier = '1B499C881FDAA65100FBE8F6'
               BlueprintName = 'playgroundTests'
               ReferencedContainer = 'container:playground.xcodeproj'
               BuildableName = 'playgroundTests.xctest'>
            </BuildableReference>
         </TestableReference>
         <TestableReference
            skipped = "NO">
            <BuildableReference
               BuildableIdentifier = 'primary'
               BlueprintIdentifier = '1B499C931FDAA65100FBE8F6'
               BlueprintName = 'playgroundUITests'
               ReferencedContainer = 'container:playground.xcodeproj'
               BuildableName = 'playgroundUITests.xctest'>
            </BuildableReference>
         </TestableReference>
      </Testables>
   </TestAction>
   <LaunchAction
      selectedDebuggerIdentifier = "Xcode.DebuggerFoundation.Debugger.LLDB"
      selectedLauncherIdentifier = "Xcode.DebuggerFoundation.Launcher.LLDB"
      launchStyle = "0"
      useCustomWorkingDirectory = "NO"
      ignoresPersistentStateOnLaunch = "NO"
      debugDocumentVersioning = "YES"
      debugServiceExtension = "internal"
      buildConfiguration = "Debug"
      allowLocationSimulation = "YES">
      <AdditionalOptions>
      </AdditionalOptions>
      <BuildableProductRunnable
         runnableDebuggingMode = "0">
         <BuildableReference
            BuildableIdentifier = 'primary'
            BlueprintIdentifier = '1B499C721FDAA65000FBE8F6'
            BlueprintName = 'playground'
            ReferencedContainer = 'container:playground.xcodeproj'
            BuildableName = 'playground.app'>
         </BuildableReference>
      </BuildableProductRunnable>
   </LaunchAction>
   <ProfileAction
      savedToolIdentifier = ""
      useCustomWorkingDirectory = "NO"
      debugDocumentVersioning = "YES"
      buildConfiguration = "Release"
      shouldUseLaunchSchemeArgsEnv = "YES">
      <BuildableProductRunnable>
         <BuildableReference
            BuildableIdentifier = 'primary'
            BlueprintIdentifier = '1B499C721FDAA65000FBE8F6'
            BlueprintName = 'playground'
            ReferencedContainer = 'container:playground.xcodeproj'
            BuildableName = 'playground.app'>
         </BuildableReference>
      </BuildableProductRunnable>
   </ProfileAction>
   <AnalyzeAction
      buildConfiguration = "Debug">
   </AnalyzeAction>
   <ArchiveAction
      buildConfiguration = "Release"
      revealArchiveInOrganizer = "YES">
   </ArchiveAction>
</Scheme>
